
Microsoft Visual Studio Solution File, Format Version 11.00
# Visual Studio 2010
Project("{8BC9CEB8-8B4A-11D0-8D11-00A0C91BC942}") = "Speculum", "Speculum\Speculum.vcxproj", "{B2C1967C-1B7D-4A2F-B7F1-DD8BB4DA6432}"
EndProject
Project("{8BC9CEB8-8B4A-11D0-8D11-00A0C91BC942}") = "Arena", "Arena\Arena.vcxproj", "{C79C6E52-80FB-4B92-8321-BE9C67B9A4A0}"
EndProject
Global
	GlobalSection(SolutionConfigurationPlatforms) = preSolution
		Debug|Win32 = Debug|Win32
		Release|Win32 = Release|Win32
	EndGlobalSection
	GlobalSection(ProjectConfigurationPlatforms) = postSolution
		{B2C1967C-1B7D-4A2F-B7F1-DD8BB4DA6432}.Debug|Win32.ActiveCfg = Debug|Win32
		{B2C1967C-1B7D-4A2F-B7F1-DD8BB4DA6432}.Debug|Win32.Build.0 = Debug|Win32
		{B2C1967C-1B7D-4A2F-B7F1-DD8BB4DA6432}.Release|Win32.ActiveCfg = Release|Win32
		{B2C1967C-1B7D-4A2F-B7F1-DD8BB4DA6432}.Release|Win32.Build.0 = Release|Win32
		{C79C6E52-80FB-4B92-8321-BE9C67B9A4A0}.Debug|Win32.ActiveCfg = Debug|Win32
		{C79C6E52-80FB-4B92-8321-BE9C67B9A4A0}.Debug|Win32.Build.0 = Debug|Win32
		{C79C6E52-80FB-4B92-8321-BE9C67B9A4A0}.Release|Win32.ActiveCfg = Release|Win32
		{C79C6E52-80FB-4B92-8321-BE9C67B9A4A0}.Release|Win32.Build.0 = Release|Win32
	EndGlobalSection
	GlobalSection(SolutionProperties) = preSolution
		HideSolutionNode = FALSE
	EndGlobalSection
EndGlobal
