
Microsoft Visual Studio Solution File, Format Version 11.00
# Visual Studio 2010
Project("{8BC9CEB8-8B4A-11D0-8D11-00A0C91BC942}") = "NISpeculum", "NISpeculum\NISpeculum.vcxproj", "{F0A5146F-32D4-4DAC-90E9-8E501A4B68CF}"
EndProject
Project("{8BC9CEB8-8B4A-11D0-8D11-00A0C91BC942}") = "Arena", "Arena\Arena.vcxproj", "{C79C6E52-80FB-4B92-8321-BE9C67B9A4A0}"
EndProject
Global
	GlobalSection(SolutionConfigurationPlatforms) = preSolution
		Debug|Win32 = Debug|Win32
		Release|Win32 = Release|Win32
	EndGlobalSection
	GlobalSection(ProjectConfigurationPlatforms) = postSolution
		{F0A5146F-32D4-4DAC-90E9-8E501A4B68CF}.Debug|Win32.ActiveCfg = Debug|Win32
		{F0A5146F-32D4-4DAC-90E9-8E501A4B68CF}.Debug|Win32.Build.0 = Debug|Win32
		{F0A5146F-32D4-4DAC-90E9-8E501A4B68CF}.Release|Win32.ActiveCfg = Release|Win32
		{F0A5146F-32D4-4DAC-90E9-8E501A4B68CF}.Release|Win32.Build.0 = Release|Win32
		{C79C6E52-80FB-4B92-8321-BE9C67B9A4A0}.Debug|Win32.ActiveCfg = Debug|Win32
		{C79C6E52-80FB-4B92-8321-BE9C67B9A4A0}.Debug|Win32.Build.0 = Debug|Win32
		{C79C6E52-80FB-4B92-8321-BE9C67B9A4A0}.Release|Win32.ActiveCfg = Release|Win32
		{C79C6E52-80FB-4B92-8321-BE9C67B9A4A0}.Release|Win32.Build.0 = Release|Win32
	EndGlobalSection
	GlobalSection(SolutionProperties) = preSolution
		HideSolutionNode = FALSE
	EndGlobalSection
EndGlobal
